
Microsoft Visual Studio Solution File, Format Version 12.00
# Visual Studio Version 16
VisualStudioVersion = 16.0.29613.14
MinimumVisualStudioVersion = 10.0.40219.1
Project("{9A19103F-16F7-4668-BE54-9A1E7A4F7556}") = "Api", "Api\Api.csproj", "{D9C6B4C7-145E-45A6-A315-C69F8882195A}"
EndProject
Project("{9A19103F-16F7-4668-BE54-9A1E7A4F7556}") = "Servico", "Servico\Servico.csproj", "{9C31A9C1-B872-4AD8-B529-BBB944F4CA6F}"
EndProject
Project("{9A19103F-16F7-4668-BE54-9A1E7A4F7556}") = "Dominio", "Dominio\Dominio.csproj", "{214F9A87-B7EC-441B-80F1-D83F225F9AAA}"
EndProject
Project("{9A19103F-16F7-4668-BE54-9A1E7A4F7556}") = "Persistencia", "Persistencia\Persistencia.csproj", "{6593FF0A-F8D2-4006-ADAA-9D1A62FF8EC5}"
EndProject
Project("{9A19103F-16F7-4668-BE54-9A1E7A4F7556}") = "Infra", "Infra\Infra.csproj", "{9157A47F-A0CB-4075-A71D-592563BDB8C4}"
EndProject
Global
	GlobalSection(SolutionConfigurationPlatforms) = preSolution
		Debug|Any CPU = Debug|Any CPU
		Release|Any CPU = Release|Any CPU
	EndGlobalSection
	GlobalSection(ProjectConfigurationPlatforms) = postSolution
		{D9C6B4C7-145E-45A6-A315-C69F8882195A}.Debug|Any CPU.ActiveCfg = Debug|Any CPU
		{D9C6B4C7-145E-45A6-A315-C69F8882195A}.Debug|Any CPU.Build.0 = Debug|Any CPU
		{D9C6B4C7-145E-45A6-A315-C69F8882195A}.Release|Any CPU.ActiveCfg = Release|Any CPU
		{D9C6B4C7-145E-45A6-A315-C69F8882195A}.Release|Any CPU.Build.0 = Release|Any CPU
		{9C31A9C1-B872-4AD8-B529-BBB944F4CA6F}.Debug|Any CPU.ActiveCfg = Debug|Any CPU
		{9C31A9C1-B872-4AD8-B529-BBB944F4CA6F}.Debug|Any CPU.Build.0 = Debug|Any CPU
		{9C31A9C1-B872-4AD8-B529-BBB944F4CA6F}.Release|Any CPU.ActiveCfg = Release|Any CPU
		{9C31A9C1-B872-4AD8-B529-BBB944F4CA6F}.Release|Any CPU.Build.0 = Release|Any CPU
		{214F9A87-B7EC-441B-80F1-D83F225F9AAA}.Debug|Any CPU.ActiveCfg = Debug|Any CPU
		{214F9A87-B7EC-441B-80F1-D83F225F9AAA}.Debug|Any CPU.Build.0 = Debug|Any CPU
		{214F9A87-B7EC-441B-80F1-D83F225F9AAA}.Release|Any CPU.ActiveCfg = Release|Any CPU
		{214F9A87-B7EC-441B-80F1-D83F225F9AAA}.Release|Any CPU.Build.0 = Release|Any CPU
		{6593FF0A-F8D2-4006-ADAA-9D1A62FF8EC5}.Debug|Any CPU.ActiveCfg = Debug|Any CPU
		{6593FF0A-F8D2-4006-ADAA-9D1A62FF8EC5}.Debug|Any CPU.Build.0 = Debug|Any CPU
		{6593FF0A-F8D2-4006-ADAA-9D1A62FF8EC5}.Release|Any CPU.ActiveCfg = Release|Any CPU
		{6593FF0A-F8D2-4006-ADAA-9D1A62FF8EC5}.Release|Any CPU.Build.0 = Release|Any CPU
		{9157A47F-A0CB-4075-A71D-592563BDB8C4}.Debug|Any CPU.ActiveCfg = Debug|Any CPU
		{9157A47F-A0CB-4075-A71D-592563BDB8C4}.Debug|Any CPU.Build.0 = Debug|Any CPU
		{9157A47F-A0CB-4075-A71D-592563BDB8C4}.Release|Any CPU.ActiveCfg = Release|Any CPU
		{9157A47F-A0CB-4075-A71D-592563BDB8C4}.Release|Any CPU.Build.0 = Release|Any CPU
	EndGlobalSection
	GlobalSection(SolutionProperties) = preSolution
		HideSolutionNode = FALSE
	EndGlobalSection
	GlobalSection(ExtensibilityGlobals) = postSolution
		SolutionGuid = {94B44ABA-7742-41E1-9BB6-51D27A89ACA8}
	EndGlobalSection
EndGlobal
